// !$*UTF8*$!
{
	archiveVersion = 1;
	classes = {
	};
	objectVersion = 50;
	objects = {

/* Begin PBXBuildFile section */
		C52E3A0F26BB1F8300560186 /* CardsDisplayController.swift in Sources */ = {isa = PBXBuildFile; fileRef = C52E3A0E26BB1F8300560186 /* CardsDisplayController.swift */; };
		C5C60A7D26BC0F7900C2311B /* CardView.swift in Sources */ = {isa = PBXBuildFile; fileRef = C5C60A7C26BC0F7900C2311B /* CardView.swift */; };
		C5C60A7F26BC1CD300C2311B /* ResultStackView.swift in Sources */ = {isa = PBXBuildFile; fileRef = C5C60A7E26BC1CD300C2311B /* ResultStackView.swift */; };
		C5C60A8126BC3AF900C2311B /* BigResultStackView.swift in Sources */ = {isa = PBXBuildFile; fileRef = C5C60A8026BC3AF900C2311B /* BigResultStackView.swift */; };
		C5CC33D726BACC9500DAF823 /* AppDelegate.swift in Sources */ = {isa = PBXBuildFile; fileRef = C5CC33D626BACC9500DAF823 /* AppDelegate.swift */; };
		C5CC33DB26BACC9500DAF823 /* ViewController.swift in Sources */ = {isa = PBXBuildFile; fileRef = C5CC33DA26BACC9500DAF823 /* ViewController.swift */; };
		C5CC33E026BACC9600DAF823 /* Assets.xcassets in Resources */ = {isa = PBXBuildFile; fileRef = C5CC33DF26BACC9600DAF823 /* Assets.xcassets */; };
		C5CC33E326BACC9600DAF823 /* LaunchScreen.storyboard in Resources */ = {isa = PBXBuildFile; fileRef = C5CC33E126BACC9600DAF823 /* LaunchScreen.storyboard */; };
		C5CC33EB26BADFF300DAF823 /* UITextfield+Extensions.swift in Sources */ = {isa = PBXBuildFile; fileRef = C5CC33EA26BADFF300DAF823 /* UITextfield+Extensions.swift */; };
		C5F2DE4526BBF0CE002385BE /* UIImage+Extensions.swift in Sources */ = {isa = PBXBuildFile; fileRef = C5F2DE4426BBF0CE002385BE /* UIImage+Extensions.swift */; };
		C5F2DE4726BBF268002385BE /* CardsGame.swift in Sources */ = {isa = PBXBuildFile; fileRef = C5F2DE4626BBF268002385BE /* CardsGame.swift */; };
		C5F2DE4D26BC0145002385BE /* CustomLabel.swift in Sources */ = {isa = PBXBuildFile; fileRef = C5F2DE4C26BC0145002385BE /* CustomLabel.swift */; };
/* End PBXBuildFile section */

/* Begin PBXFileReference section */
		C52E3A0E26BB1F8300560186 /* CardsDisplayController.swift */ = {isa = PBXFileReference; lastKnownFileType = sourcecode.swift; path = CardsDisplayController.swift; sourceTree = "<group>"; };
		C5C60A7C26BC0F7900C2311B /* CardView.swift */ = {isa = PBXFileReference; lastKnownFileType = sourcecode.swift; path = CardView.swift; sourceTree = "<group>"; };
		C5C60A7E26BC1CD300C2311B /* ResultStackView.swift */ = {isa = PBXFileReference; lastKnownFileType = sourcecode.swift; path = ResultStackView.swift; sourceTree = "<group>"; };
		C5C60A8026BC3AF900C2311B /* BigResultStackView.swift */ = {isa = PBXFileReference; lastKnownFileType = sourcecode.swift; path = BigResultStackView.swift; sourceTree = "<group>"; };
		C5CC33D326BACC9500DAF823 /* task-CardsGame.app */ = {isa = PBXFileReference; explicitFileType = wrapper.application; includeInIndex = 0; path = "task-CardsGame.app"; sourceTree = BUILT_PRODUCTS_DIR; };
		C5CC33D626BACC9500DAF823 /* AppDelegate.swift */ = {isa = PBXFileReference; lastKnownFileType = sourcecode.swift; path = AppDelegate.swift; sourceTree = "<group>"; };
		C5CC33DA26BACC9500DAF823 /* ViewController.swift */ = {isa = PBXFileReference; lastKnownFileType = sourcecode.swift; path = ViewController.swift; sourceTree = "<group>"; };
		C5CC33DF26BACC9600DAF823 /* Assets.xcassets */ = {isa = PBXFileReference; lastKnownFileType = folder.assetcatalog; path = Assets.xcassets; sourceTree = "<group>"; };
		C5CC33E226BACC9600DAF823 /* Base */ = {isa = PBXFileReference; lastKnownFileType = file.storyboard; name = Base; path = Base.lproj/LaunchScreen.storyboard; sourceTree = "<group>"; };
		C5CC33E426BACC9600DAF823 /* Info.plist */ = {isa = PBXFileReference; lastKnownFileType = text.plist.xml; path = Info.plist; sourceTree = "<group>"; };
		C5CC33EA26BADFF300DAF823 /* UITextfield+Extensions.swift */ = {isa = PBXFileReference; lastKnownFileType = sourcecode.swift; path = "UITextfield+Extensions.swift"; sourceTree = "<group>"; };
		C5F2DE4426BBF0CE002385BE /* UIImage+Extensions.swift */ = {isa = PBXFileReference; lastKnownFileType = sourcecode.swift; path = "UIImage+Extensions.swift"; sourceTree = "<group>"; };
		C5F2DE4626BBF268002385BE /* CardsGame.swift */ = {isa = PBXFileReference; lastKnownFileType = sourcecode.swift; path = CardsGame.swift; sourceTree = "<group>"; };
		C5F2DE4C26BC0145002385BE /* CustomLabel.swift */ = {isa = PBXFileReference; lastKnownFileType = sourcecode.swift; path = CustomLabel.swift; sourceTree = "<group>"; };
/* End PBXFileReference section */

/* Begin PBXFrameworksBuildPhase section */
		C5CC33D026BACC9500DAF823 /* Frameworks */ = {
			isa = PBXFrameworksBuildPhase;
			buildActionMask = 2147483647;
			files = (
			);
			runOnlyForDeploymentPostprocessing = 0;
		};
/* End PBXFrameworksBuildPhase section */

/* Begin PBXGroup section */
		C5CC33CA26BACC9500DAF823 = {
			isa = PBXGroup;
			children = (
				C5CC33D526BACC9500DAF823 /* task-CardsGame */,
				C5CC33D426BACC9500DAF823 /* Products */,
			);
			sourceTree = "<group>";
		};
		C5CC33D426BACC9500DAF823 /* Products */ = {
			isa = PBXGroup;
			children = (
				C5CC33D326BACC9500DAF823 /* task-CardsGame.app */,
			);
			name = Products;
			sourceTree = "<group>";
		};
		C5CC33D526BACC9500DAF823 /* task-CardsGame */ = {
			isa = PBXGroup;
			children = (
				C5D92A9A26BEAAD7000116B3 /* ViewControllers */,
				C5D92A9926BEAAB1000116B3 /* Subviews */,
				C5F2DE4B26BC0084002385BE /* Game */,
				C5F2DE4A26BBF605002385BE /* Extensions */,
				C5CC33D626BACC9500DAF823 /* AppDelegate.swift */,
				C5CC33DF26BACC9600DAF823 /* Assets.xcassets */,
				C5CC33E126BACC9600DAF823 /* LaunchScreen.storyboard */,
				C5CC33E426BACC9600DAF823 /* Info.plist */,
			);
			path = "task-CardsGame";
			sourceTree = "<group>";
		};
		C5D92A9926BEAAB1000116B3 /* Subviews */ = {
			isa = PBXGroup;
			children = (
				C5F2DE4C26BC0145002385BE /* CustomLabel.swift */,
				C5C60A7C26BC0F7900C2311B /* CardView.swift */,
				C5C60A7E26BC1CD300C2311B /* ResultStackView.swift */,
				C5C60A8026BC3AF900C2311B /* BigResultStackView.swift */,
			);
			path = Subviews;
			sourceTree = "<group>";
		};
		C5D92A9A26BEAAD7000116B3 /* ViewControllers */ = {
			isa = PBXGroup;
			children = (
				C52E3A0E26BB1F8300560186 /* CardsDisplayController.swift */,
				C5CC33DA26BACC9500DAF823 /* ViewController.swift */,
			);
			path = ViewControllers;
			sourceTree = "<group>";
		};
		C5F2DE4A26BBF605002385BE /* Extensions */ = {
			isa = PBXGroup;
			children = (
				C5CC33EA26BADFF300DAF823 /* UITextfield+Extensions.swift */,
				C5F2DE4426BBF0CE002385BE /* UIImage+Extensions.swift */,
			);
			path = Extensions;
			sourceTree = "<group>";
		};
		C5F2DE4B26BC0084002385BE /* Game */ = {
			isa = PBXGroup;
			children = (
				C5F2DE4626BBF268002385BE /* CardsGame.swift */,
			);
			path = Game;
			sourceTree = "<group>";
		};
/* End PBXGroup section */

/* Begin PBXNativeTarget section */
		C5CC33D226BACC9500DAF823 /* task-CardsGame */ = {
			isa = PBXNativeTarget;
			buildConfigurationList = C5CC33E726BACC9600DAF823 /* Build configuration list for PBXNativeTarget "task-CardsGame" */;
			buildPhases = (
				C5CC33CF26BACC9500DAF823 /* Sources */,
				C5CC33D026BACC9500DAF823 /* Frameworks */,
				C5CC33D126BACC9500DAF823 /* Resources */,
			);
			buildRules = (
			);
			dependencies = (
			);
			name = "task-CardsGame";
			productName = "task-CardsGame";
			productReference = C5CC33D326BACC9500DAF823 /* task-CardsGame.app */;
			productType = "com.apple.product-type.application";
		};
/* End PBXNativeTarget section */

/* Begin PBXProject section */
		C5CC33CB26BACC9500DAF823 /* Project object */ = {
			isa = PBXProject;
			attributes = {
				LastSwiftUpdateCheck = 1250;
				LastUpgradeCheck = 1250;
				TargetAttributes = {
					C5CC33D226BACC9500DAF823 = {
						CreatedOnToolsVersion = 12.5.1;
					};
				};
			};
			buildConfigurationList = C5CC33CE26BACC9500DAF823 /* Build configuration list for PBXProject "task-CardsGame" */;
			compatibilityVersion = "Xcode 9.3";
			developmentRegion = en;
			hasScannedForEncodings = 0;
			knownRegions = (
				en,
				Base,
			);
			mainGroup = C5CC33CA26BACC9500DAF823;
			productRefGroup = C5CC33D426BACC9500DAF823 /* Products */;
			projectDirPath = "";
			projectRoot = "";
			targets = (
				C5CC33D226BACC9500DAF823 /* task-CardsGame */,
			);
		};
/* End PBXProject section */

/* Begin PBXResourcesBuildPhase section */
		C5CC33D126BACC9500DAF823 /* Resources */ = {
			isa = PBXResourcesBuildPhase;
			buildActionMask = 2147483647;
			files = (
				C5CC33E326BACC9600DAF823 /* LaunchScreen.storyboard in Resources */,
				C5CC33E026BACC9600DAF823 /* Assets.xcassets in Resources */,
			);
			runOnlyForDeploymentPostprocessing = 0;
		};
/* End PBXResourcesBuildPhase section */

/* Begin PBXSourcesBuildPhase section */
		C5CC33CF26BACC9500DAF823 /* Sources */ = {
			isa = PBXSourcesBuildPhase;
			buildActionMask = 2147483647;
			files = (
				C5CC33DB26BACC9500DAF823 /* ViewController.swift in Sources */,
				C5F2DE4726BBF268002385BE /* CardsGame.swift in Sources */,
				C5CC33EB26BADFF300DAF823 /* UITextfield+Extensions.swift in Sources */,
				C5C60A8126BC3AF900C2311B /* BigResultStackView.swift in Sources */,
				C5C60A7F26BC1CD300C2311B /* ResultStackView.swift in Sources */,
				C5F2DE4D26BC0145002385BE /* CustomLabel.swift in Sources */,
				C5F2DE4526BBF0CE002385BE /* UIImage+Extensions.swift in Sources */,
				C52E3A0F26BB1F8300560186 /* CardsDisplayController.swift in Sources */,
				C5C60A7D26BC0F7900C2311B /* CardView.swift in Sources */,
				C5CC33D726BACC9500DAF823 /* AppDelegate.swift in Sources */,
			);
			runOnlyForDeploymentPostprocessing = 0;
		};
/* End PBXSourcesBuildPhase section */

/* Begin PBXVariantGroup section */
		C5CC33E126BACC9600DAF823 /* LaunchScreen.storyboard */ = {
			isa = PBXVariantGroup;
			children = (
				C5CC33E226BACC9600DAF823 /* Base */,
			);
			name = LaunchScreen.storyboard;
			sourceTree = "<group>";
		};
/* End PBXVariantGroup section */

/* Begin XCBuildConfiguration section */
		C5CC33E526BACC9600DAF823 /* Debug */ = {
			isa = XCBuildConfiguration;
			buildSettings = {
				ALWAYS_SEARCH_USER_PATHS = NO;
				CLANG_ANALYZER_NONNULL = YES;
				CLANG_ANALYZER_NUMBER_OBJECT_CONVERSION = YES_AGGRESSIVE;
				CLANG_CXX_LANGUAGE_STANDARD = "gnu++14";
				CLANG_CXX_LIBRARY = "libc++";
				CLANG_ENABLE_MODULES = YES;
				CLANG_ENABLE_OBJC_ARC = YES;
				CLANG_ENABLE_OBJC_WEAK = YES;
				CLANG_WARN_BLOCK_CAPTURE_AUTORELEASING = YES;
				CLANG_WARN_BOOL_CONVERSION = YES;
				CLANG_WARN_COMMA = YES;
				CLANG_WARN_CONSTANT_CONVERSION = YES;
				CLANG_WARN_DEPRECATED_OBJC_IMPLEMENTATIONS = YES;
				CLANG_WARN_DIRECT_OBJC_ISA_USAGE = YES_ERROR;
				CLANG_WARN_DOCUMENTATION_COMMENTS = YES;
				CLANG_WARN_EMPTY_BODY = YES;
				CLANG_WARN_ENUM_CONVERSION = YES;
				CLANG_WARN_INFINITE_RECURSION = YES;
				CLANG_WARN_INT_CONVERSION = YES;
				CLANG_WARN_NON_LITERAL_NULL_CONVERSION = YES;
				CLANG_WARN_OBJC_IMPLICIT_RETAIN_SELF = YES;
				CLANG_WARN_OBJC_LITERAL_CONVERSION = YES;
				CLANG_WARN_OBJC_ROOT_CLASS = YES_ERROR;
				CLANG_WARN_QUOTED_INCLUDE_IN_FRAMEWORK_HEADER = YES;
				CLANG_WARN_RANGE_LOOP_ANALYSIS = YES;
				CLANG_WARN_STRICT_PROTOTYPES = YES;
				CLANG_WARN_SUSPICIOUS_MOVE = YES;
				CLANG_WARN_UNGUARDED_AVAILABILITY = YES_AGGRESSIVE;
				CLANG_WARN_UNREACHABLE_CODE = YES;
				CLANG_WARN__DUPLICATE_METHOD_MATCH = YES;
				COPY_PHASE_STRIP = NO;
				DEBUG_INFORMATION_FORMAT = dwarf;
				ENABLE_STRICT_OBJC_MSGSEND = YES;
				ENABLE_TESTABILITY = YES;
				GCC_C_LANGUAGE_STANDARD = gnu11;
				GCC_DYNAMIC_NO_PIC = NO;
				GCC_NO_COMMON_BLOCKS = YES;
				GCC_OPTIMIZATION_LEVEL = 0;
				GCC_PREPROCESSOR_DEFINITIONS = (
					"DEBUG=1",
					"$(inherited)",
				);
				GCC_WARN_64_TO_32_BIT_CONVERSION = YES;
				GCC_WARN_ABOUT_RETURN_TYPE = YES_ERROR;
				GCC_WARN_UNDECLARED_SELECTOR = YES;
				GCC_WARN_UNINITIALIZED_AUTOS = YES_AGGRESSIVE;
				GCC_WARN_UNUSED_FUNCTION = YES;
				GCC_WARN_UNUSED_VARIABLE = YES;
				IPHONEOS_DEPLOYMENT_TARGET = 14.5;
				MTL_ENABLE_DEBUG_INFO = INCLUDE_SOURCE;
				MTL_FAST_MATH = YES;
				ONLY_ACTIVE_ARCH = YES;
				SDKROOT = iphoneos;
				SWIFT_ACTIVE_COMPILATION_CONDITIONS = DEBUG;
				SWIFT_OPTIMIZATION_LEVEL = "-Onone";
			};
			name = Debug;
		};
		C5CC33E626BACC9600DAF823 /* Release */ = {
			isa = XCBuildConfiguration;
			buildSettings = {
				ALWAYS_SEARCH_USER_PATHS = NO;
				CLANG_ANALYZER_NONNULL = YES;
				CLANG_ANALYZER_NUMBER_OBJECT_CONVERSION = YES_AGGRESSIVE;
				CLANG_CXX_LANGUAGE_STANDARD = "gnu++14";
				CLANG_CXX_LIBRARY = "libc++";
				CLANG_ENABLE_MODULES = YES;
				CLANG_ENABLE_OBJC_ARC = YES;
				CLANG_ENABLE_OBJC_WEAK = YES;
				CLANG_WARN_BLOCK_CAPTURE_AUTORELEASING = YES;
				CLANG_WARN_BOOL_CONVERSION = YES;
				CLANG_WARN_COMMA = YES;
				CLANG_WARN_CONSTANT_CONVERSION = YES;
				CLANG_WARN_DEPRECATED_OBJC_IMPLEMENTATIONS = YES;
				CLANG_WARN_DIRECT_OBJC_ISA_USAGE = YES_ERROR;
				CLANG_WARN_DOCUMENTATION_COMMENTS = YES;
				CLANG_WARN_EMPTY_BODY = YES;
				CLANG_WARN_ENUM_CONVERSION = YES;
				CLANG_WARN_INFINITE_RECURSION = YES;
				CLANG_WARN_INT_CONVERSION = YES;
				CLANG_WARN_NON_LITERAL_NULL_CONVERSION = YES;
				CLANG_WARN_OBJC_IMPLICIT_RETAIN_SELF = YES;
				CLANG_WARN_OBJC_LITERAL_CONVERSION = YES;
				CLANG_WARN_OBJC_ROOT_CLASS = YES_ERROR;
				CLANG_WARN_QUOTED_INCLUDE_IN_FRAMEWORK_HEADER = YES;
				CLANG_WARN_RANGE_LOOP_ANALYSIS = YES;
				CLANG_WARN_STRICT_PROTOTYPES = YES;
				CLANG_WARN_SUSPICIOUS_MOVE = YES;
				CLANG_WARN_UNGUARDED_AVAILABILITY = YES_AGGRESSIVE;
				CLANG_WARN_UNREACHABLE_CODE = YES;
				CLANG_WARN__DUPLICATE_METHOD_MATCH = YES;
				COPY_PHASE_STRIP = NO;
				DEBUG_INFORMATION_FORMAT = "dwarf-with-dsym";
				ENABLE_NS_ASSERTIONS = NO;
				ENABLE_STRICT_OBJC_MSGSEND = YES;
				GCC_C_LANGUAGE_STANDARD = gnu11;
				GCC_NO_COMMON_BLOCKS = YES;
				GCC_WARN_64_TO_32_BIT_CONVERSION = YES;
				GCC_WARN_ABOUT_RETURN_TYPE = YES_ERROR;
				GCC_WARN_UNDECLARED_SELECTOR = YES;
				GCC_WARN_UNINITIALIZED_AUTOS = YES_AGGRESSIVE;
				GCC_WARN_UNUSED_FUNCTION = YES;
				GCC_WARN_UNUSED_VARIABLE = YES;
				IPHONEOS_DEPLOYMENT_TARGET = 14.5;
				MTL_ENABLE_DEBUG_INFO = NO;
				MTL_FAST_MATH = YES;
				SDKROOT = iphoneos;
				SWIFT_COMPILATION_MODE = wholemodule;
				SWIFT_OPTIMIZATION_LEVEL = "-O";
				VALIDATE_PRODUCT = YES;
			};
			name = Release;
		};
		C5CC33E826BACC9600DAF823 /* Debug */ = {
			isa = XCBuildConfiguration;
			buildSettings = {
				ASSETCATALOG_COMPILER_APPICON_NAME = AppIcon;
				ASSETCATALOG_COMPILER_GLOBAL_ACCENT_COLOR_NAME = AccentColor;
				CODE_SIGN_STYLE = Automatic;
				INFOPLIST_FILE = "task-CardsGame/Info.plist";
				LD_RUNPATH_SEARCH_PATHS = (
					"$(inherited)",
					"@executable_path/Frameworks",
				);
				PRODUCT_BUNDLE_IDENTIFIER = "com.bunoza.cardsgame.task-CardsGame";
				PRODUCT_NAME = "$(TARGET_NAME)";
				SWIFT_VERSION = 5.0;
				TARGETED_DEVICE_FAMILY = "1,2";
			};
			name = Debug;
		};
		C5CC33E926BACC9600DAF823 /* Release */ = {
			isa = XCBuildConfiguration;
			buildSettings = {
				ASSETCATALOG_COMPILER_APPICON_NAME = AppIcon;
				ASSETCATALOG_COMPILER_GLOBAL_ACCENT_COLOR_NAME = AccentColor;
				CODE_SIGN_STYLE = Automatic;
				INFOPLIST_FILE = "task-CardsGame/Info.plist";
				LD_RUNPATH_SEARCH_PATHS = (
					"$(inherited)",
					"@executable_path/Frameworks",
				);
				PRODUCT_BUNDLE_IDENTIFIER = "com.bunoza.cardsgame.task-CardsGame";
				PRODUCT_NAME = "$(TARGET_NAME)";
				SWIFT_VERSION = 5.0;
				TARGETED_DEVICE_FAMILY = "1,2";
			};
			name = Release;
		};
/* End XCBuildConfiguration section */

/* Begin XCConfigurationList section */
		C5CC33CE26BACC9500DAF823 /* Build configuration list for PBXProject "task-CardsGame" */ = {
			isa = XCConfigurationList;
			buildConfigurations = (
				C5CC33E526BACC9600DAF823 /* Debug */,
				C5CC33E626BACC9600DAF823 /* Release */,
			);
			defaultConfigurationIsVisible = 0;
			defaultConfigurationName = Release;
		};
		C5CC33E726BACC9600DAF823 /* Build configuration list for PBXNativeTarget "task-CardsGame" */ = {
			isa = XCConfigurationList;
			buildConfigurations = (
				C5CC33E826BACC9600DAF823 /* Debug */,
				C5CC33E926BACC9600DAF823 /* Release */,
			);
			defaultConfigurationIsVisible = 0;
			defaultConfigurationName = Release;
		};
/* End XCConfigurationList section */
	};
	rootObject = C5CC33CB26BACC9500DAF823 /* Project object */;
}
